// !$*UTF8*$!
{
	archiveVersion = 1;
	classes = {
	};
	objectVersion = 50;
	objects = {

/* Begin PBXBuildFile section */
		A8F9BFF025FEB5F3008DF7E5 /* CounterFourApp.swift in Sources */ = {isa = PBXBuildFile; fileRef = A8F9BFEF25FEB5F3008DF7E5 /* CounterFourApp.swift */; };
		A8F9BFF225FEB5F3008DF7E5 /* ContentView.swift in Sources */ = {isa = PBXBuildFile; fileRef = A8F9BFF125FEB5F3008DF7E5 /* ContentView.swift */; };
		A8F9BFF425FEB5F6008DF7E5 /* Assets.xcassets in Resources */ = {isa = PBXBuildFile; fileRef = A8F9BFF325FEB5F6008DF7E5 /* Assets.xcassets */; };
		A8F9BFF725FEB5F6008DF7E5 /* Preview Assets.xcassets in Resources */ = {isa = PBXBuildFile; fileRef = A8F9BFF625FEB5F6008DF7E5 /* Preview Assets.xcassets */; };
		A8F9BFF925FEB5F6008DF7E5 /* Persistence.swift in Sources */ = {isa = PBXBuildFile; fileRef = A8F9BFF825FEB5F6008DF7E5 /* Persistence.swift */; };
		A8F9BFFC25FEB5F6008DF7E5 /* CounterFour.xcdatamodeld in Sources */ = {isa = PBXBuildFile; fileRef = A8F9BFFA25FEB5F6008DF7E5 /* CounterFour.xcdatamodeld */; };
		A8F9C00725FEB5F6008DF7E5 /* CounterFourTests.swift in Sources */ = {isa = PBXBuildFile; fileRef = A8F9C00625FEB5F6008DF7E5 /* CounterFourTests.swift */; };
		A8F9C01225FEB5F6008DF7E5 /* CounterFourUITests.swift in Sources */ = {isa = PBXBuildFile; fileRef = A8F9C01125FEB5F6008DF7E5 /* CounterFourUITests.swift */; };
		A8F9C02325FEB839008DF7E5 /* ButtonView.swift in Sources */ = {isa = PBXBuildFile; fileRef = A8F9C02225FEB839008DF7E5 /* ButtonView.swift */; };
		A8F9C02825FEB891008DF7E5 /* Colours.swift in Sources */ = {isa = PBXBuildFile; fileRef = A8F9C02725FEB891008DF7E5 /* Colours.swift */; };
		A8F9C0F82607FAE7008DF7E5 /* ColourCard.swift in Sources */ = {isa = PBXBuildFile; fileRef = A8F9C0F72607FAE7008DF7E5 /* ColourCard.swift */; };
/* End PBXBuildFile section */

/* Begin PBXContainerItemProxy section */
		A8F9C00325FEB5F6008DF7E5 /* PBXContainerItemProxy */ = {
			isa = PBXContainerItemProxy;
			containerPortal = A8F9BFE425FEB5F3008DF7E5 /* Project object */;
			proxyType = 1;
			remoteGlobalIDString = A8F9BFEB25FEB5F3008DF7E5;
			remoteInfo = CounterFour;
		};
		A8F9C00E25FEB5F6008DF7E5 /* PBXContainerItemProxy */ = {
			isa = PBXContainerItemProxy;
			containerPortal = A8F9BFE425FEB5F3008DF7E5 /* Project object */;
			proxyType = 1;
			remoteGlobalIDString = A8F9BFEB25FEB5F3008DF7E5;
			remoteInfo = CounterFour;
		};
/* End PBXContainerItemProxy section */

/* Begin PBXFileReference section */
		A8F9BFEC25FEB5F3008DF7E5 /* CounterFour.app */ = {isa = PBXFileReference; explicitFileType = wrapper.application; includeInIndex = 0; path = CounterFour.app; sourceTree = BUILT_PRODUCTS_DIR; };
		A8F9BFEF25FEB5F3008DF7E5 /* CounterFourApp.swift */ = {isa = PBXFileReference; lastKnownFileType = sourcecode.swift; path = CounterFourApp.swift; sourceTree = "<group>"; };
		A8F9BFF125FEB5F3008DF7E5 /* ContentView.swift */ = {isa = PBXFileReference; lastKnownFileType = sourcecode.swift; path = ContentView.swift; sourceTree = "<group>"; };
		A8F9BFF325FEB5F6008DF7E5 /* Assets.xcassets */ = {isa = PBXFileReference; lastKnownFileType = folder.assetcatalog; path = Assets.xcassets; sourceTree = "<group>"; };
		A8F9BFF625FEB5F6008DF7E5 /* Preview Assets.xcassets */ = {isa = PBXFileReference; lastKnownFileType = folder.assetcatalog; path = "Preview Assets.xcassets"; sourceTree = "<group>"; };
		A8F9BFF825FEB5F6008DF7E5 /* Persistence.swift */ = {isa = PBXFileReference; lastKnownFileType = sourcecode.swift; path = Persistence.swift; sourceTree = "<group>"; };
		A8F9BFFB25FEB5F6008DF7E5 /* CounterFour.xcdatamodel */ = {isa = PBXFileReference; lastKnownFileType = wrapper.xcdatamodel; path = CounterFour.xcdatamodel; sourceTree = "<group>"; };
		A8F9BFFD25FEB5F6008DF7E5 /* Info.plist */ = {isa = PBXFileReference; lastKnownFileType = text.plist.xml; path = Info.plist; sourceTree = "<group>"; };
		A8F9C00225FEB5F6008DF7E5 /* CounterFourTests.xctest */ = {isa = PBXFileReference; explicitFileType = wrapper.cfbundle; includeInIndex = 0; path = CounterFourTests.xctest; sourceTree = BUILT_PRODUCTS_DIR; };
		A8F9C00625FEB5F6008DF7E5 /* CounterFourTests.swift */ = {isa = PBXFileReference; lastKnownFileType = sourcecode.swift; path = CounterFourTests.swift; sourceTree = "<group>"; };
		A8F9C00825FEB5F6008DF7E5 /* Info.plist */ = {isa = PBXFileReference; lastKnownFileType = text.plist.xml; path = Info.plist; sourceTree = "<group>"; };
		A8F9C00D25FEB5F6008DF7E5 /* CounterFourUITests.xctest */ = {isa = PBXFileReference; explicitFileType = wrapper.cfbundle; includeInIndex = 0; path = CounterFourUITests.xctest; sourceTree = BUILT_PRODUCTS_DIR; };
		A8F9C01125FEB5F6008DF7E5 /* CounterFourUITests.swift */ = {isa = PBXFileReference; lastKnownFileType = sourcecode.swift; path = CounterFourUITests.swift; sourceTree = "<group>"; };
		A8F9C01325FEB5F6008DF7E5 /* Info.plist */ = {isa = PBXFileReference; lastKnownFileType = text.plist.xml; path = Info.plist; sourceTree = "<group>"; };
		A8F9C02225FEB839008DF7E5 /* ButtonView.swift */ = {isa = PBXFileReference; lastKnownFileType = sourcecode.swift; path = ButtonView.swift; sourceTree = "<group>"; };
		A8F9C02725FEB891008DF7E5 /* Colours.swift */ = {isa = PBXFileReference; lastKnownFileType = sourcecode.swift; path = Colours.swift; sourceTree = "<group>"; };
		A8F9C0F72607FAE7008DF7E5 /* ColourCard.swift */ = {isa = PBXFileReference; lastKnownFileType = sourcecode.swift; path = ColourCard.swift; sourceTree = "<group>"; };
/* End PBXFileReference section */

/* Begin PBXFrameworksBuildPhase section */
		A8F9BFE925FEB5F3008DF7E5 /* Frameworks */ = {
			isa = PBXFrameworksBuildPhase;
			buildActionMask = 2147483647;
			files = (
			);
			runOnlyForDeploymentPostprocessing = 0;
		};
		A8F9BFFF25FEB5F6008DF7E5 /* Frameworks */ = {
			isa = PBXFrameworksBuildPhase;
			buildActionMask = 2147483647;
			files = (
			);
			runOnlyForDeploymentPostprocessing = 0;
		};
		A8F9C00A25FEB5F6008DF7E5 /* Frameworks */ = {
			isa = PBXFrameworksBuildPhase;
			buildActionMask = 2147483647;
			files = (
			);
			runOnlyForDeploymentPostprocessing = 0;
		};
/* End PBXFrameworksBuildPhase section */

/* Begin PBXGroup section */
		A8F9BFE325FEB5F3008DF7E5 = {
			isa = PBXGroup;
			children = (
				A8F9BFEE25FEB5F3008DF7E5 /* CounterFour */,
				A8F9C00525FEB5F6008DF7E5 /* CounterFourTests */,
				A8F9C01025FEB5F6008DF7E5 /* CounterFourUITests */,
				A8F9BFED25FEB5F3008DF7E5 /* Products */,
			);
			sourceTree = "<group>";
		};
		A8F9BFED25FEB5F3008DF7E5 /* Products */ = {
			isa = PBXGroup;
			children = (
				A8F9BFEC25FEB5F3008DF7E5 /* CounterFour.app */,
				A8F9C00225FEB5F6008DF7E5 /* CounterFourTests.xctest */,
				A8F9C00D25FEB5F6008DF7E5 /* CounterFourUITests.xctest */,
			);
			name = Products;
			sourceTree = "<group>";
		};
		A8F9BFEE25FEB5F3008DF7E5 /* CounterFour */ = {
			isa = PBXGroup;
			children = (
				A8F9BFEF25FEB5F3008DF7E5 /* CounterFourApp.swift */,
				A8F9BFF125FEB5F3008DF7E5 /* ContentView.swift */,
				A8F9BFF325FEB5F6008DF7E5 /* Assets.xcassets */,
				A8F9BFF825FEB5F6008DF7E5 /* Persistence.swift */,
				A8F9BFFD25FEB5F6008DF7E5 /* Info.plist */,
				A8F9BFFA25FEB5F6008DF7E5 /* CounterFour.xcdatamodeld */,
				A8F9BFF525FEB5F6008DF7E5 /* Preview Content */,
				A8F9C02225FEB839008DF7E5 /* ButtonView.swift */,
				A8F9C02725FEB891008DF7E5 /* Colours.swift */,
				A8F9C0F72607FAE7008DF7E5 /* ColourCard.swift */,
			);
			path = CounterFour;
			sourceTree = "<group>";
		};
		A8F9BFF525FEB5F6008DF7E5 /* Preview Content */ = {
			isa = PBXGroup;
			children = (
				A8F9BFF625FEB5F6008DF7E5 /* Preview Assets.xcassets */,
			);
			path = "Preview Content";
			sourceTree = "<group>";
		};
		A8F9C00525FEB5F6008DF7E5 /* CounterFourTests */ = {
			isa = PBXGroup;
			children = (
				A8F9C00625FEB5F6008DF7E5 /* CounterFourTests.swift */,
				A8F9C00825FEB5F6008DF7E5 /* Info.plist */,
			);
			path = CounterFourTests;
			sourceTree = "<group>";
		};
		A8F9C01025FEB5F6008DF7E5 /* CounterFourUITests */ = {
			isa = PBXGroup;
			children = (
				A8F9C01125FEB5F6008DF7E5 /* CounterFourUITests.swift */,
				A8F9C01325FEB5F6008DF7E5 /* Info.plist */,
			);
			path = CounterFourUITests;
			sourceTree = "<group>";
		};
/* End PBXGroup section */

/* Begin PBXNativeTarget section */
		A8F9BFEB25FEB5F3008DF7E5 /* CounterFour */ = {
			isa = PBXNativeTarget;
			buildConfigurationList = A8F9C01625FEB5F6008DF7E5 /* Build configuration list for PBXNativeTarget "CounterFour" */;
			buildPhases = (
				A8F9BFE825FEB5F3008DF7E5 /* Sources */,
				A8F9BFE925FEB5F3008DF7E5 /* Frameworks */,
				A8F9BFEA25FEB5F3008DF7E5 /* Resources */,
			);
			buildRules = (
			);
			dependencies = (
			);
			name = CounterFour;
			productName = CounterFour;
			productReference = A8F9BFEC25FEB5F3008DF7E5 /* CounterFour.app */;
			productType = "com.apple.product-type.application";
		};
		A8F9C00125FEB5F6008DF7E5 /* CounterFourTests */ = {
			isa = PBXNativeTarget;
			buildConfigurationList = A8F9C01925FEB5F6008DF7E5 /* Build configuration list for PBXNativeTarget "CounterFourTests" */;
			buildPhases = (
				A8F9BFFE25FEB5F6008DF7E5 /* Sources */,
				A8F9BFFF25FEB5F6008DF7E5 /* Frameworks */,
				A8F9C00025FEB5F6008DF7E5 /* Resources */,
			);
			buildRules = (
			);
			dependencies = (
				A8F9C00425FEB5F6008DF7E5 /* PBXTargetDependency */,
			);
			name = CounterFourTests;
			productName = CounterFourTests;
			productReference = A8F9C00225FEB5F6008DF7E5 /* CounterFourTests.xctest */;
			productType = "com.apple.product-type.bundle.unit-test";
		};
		A8F9C00C25FEB5F6008DF7E5 /* CounterFourUITests */ = {
			isa = PBXNativeTarget;
			buildConfigurationList = A8F9C01C25FEB5F6008DF7E5 /* Build configuration list for PBXNativeTarget "CounterFourUITests" */;
			buildPhases = (
				A8F9C00925FEB5F6008DF7E5 /* Sources */,
				A8F9C00A25FEB5F6008DF7E5 /* Frameworks */,
				A8F9C00B25FEB5F6008DF7E5 /* Resources */,
			);
			buildRules = (
			);
			dependencies = (
				A8F9C00F25FEB5F6008DF7E5 /* PBXTargetDependency */,
			);
			name = CounterFourUITests;
			productName = CounterFourUITests;
			productReference = A8F9C00D25FEB5F6008DF7E5 /* CounterFourUITests.xctest */;
			productType = "com.apple.product-type.bundle.ui-testing";
		};
/* End PBXNativeTarget section */

/* Begin PBXProject section */
		A8F9BFE425FEB5F3008DF7E5 /* Project object */ = {
			isa = PBXProject;
			attributes = {
				LastSwiftUpdateCheck = 1230;
				LastUpgradeCheck = 1230;
				TargetAttributes = {
					A8F9BFEB25FEB5F3008DF7E5 = {
						CreatedOnToolsVersion = 12.3;
					};
					A8F9C00125FEB5F6008DF7E5 = {
						CreatedOnToolsVersion = 12.3;
						TestTargetID = A8F9BFEB25FEB5F3008DF7E5;
					};
					A8F9C00C25FEB5F6008DF7E5 = {
						CreatedOnToolsVersion = 12.3;
						TestTargetID = A8F9BFEB25FEB5F3008DF7E5;
					};
				};
			};
			buildConfigurationList = A8F9BFE725FEB5F3008DF7E5 /* Build configuration list for PBXProject "CounterFour" */;
			compatibilityVersion = "Xcode 9.3";
			developmentRegion = en;
			hasScannedForEncodings = 0;
			knownRegions = (
				en,
				Base,
			);
			mainGroup = A8F9BFE325FEB5F3008DF7E5;
			productRefGroup = A8F9BFED25FEB5F3008DF7E5 /* Products */;
			projectDirPath = "";
			projectRoot = "";
			targets = (
				A8F9BFEB25FEB5F3008DF7E5 /* CounterFour */,
				A8F9C00125FEB5F6008DF7E5 /* CounterFourTests */,
				A8F9C00C25FEB5F6008DF7E5 /* CounterFourUITests */,
			);
		};
/* End PBXProject section */

/* Begin PBXResourcesBuildPhase section */
		A8F9BFEA25FEB5F3008DF7E5 /* Resources */ = {
			isa = PBXResourcesBuildPhase;
			buildActionMask = 2147483647;
			files = (
				A8F9BFF725FEB5F6008DF7E5 /* Preview Assets.xcassets in Resources */,
				A8F9BFF425FEB5F6008DF7E5 /* Assets.xcassets in Resources */,
			);
			runOnlyForDeploymentPostprocessing = 0;
		};
		A8F9C00025FEB5F6008DF7E5 /* Resources */ = {
			isa = PBXResourcesBuildPhase;
			buildActionMask = 2147483647;
			files = (
			);
			runOnlyForDeploymentPostprocessing = 0;
		};
		A8F9C00B25FEB5F6008DF7E5 /* Resources */ = {
			isa = PBXResourcesBuildPhase;
			buildActionMask = 2147483647;
			files = (
			);
			runOnlyForDeploymentPostprocessing = 0;
		};
/* End PBXResourcesBuildPhase section */

/* Begin PBXSourcesBuildPhase section */
		A8F9BFE825FEB5F3008DF7E5 /* Sources */ = {
			isa = PBXSourcesBuildPhase;
			buildActionMask = 2147483647;
			files = (
				A8F9BFFC25FEB5F6008DF7E5 /* CounterFour.xcdatamodeld in Sources */,
				A8F9C0F82607FAE7008DF7E5 /* ColourCard.swift in Sources */,
				A8F9C02825FEB891008DF7E5 /* Colours.swift in Sources */,
				A8F9BFF925FEB5F6008DF7E5 /* Persistence.swift in Sources */,
				A8F9C02325FEB839008DF7E5 /* ButtonView.swift in Sources */,
				A8F9BFF225FEB5F3008DF7E5 /* ContentView.swift in Sources */,
				A8F9BFF025FEB5F3008DF7E5 /* CounterFourApp.swift in Sources */,
			);
			runOnlyForDeploymentPostprocessing = 0;
		};
		A8F9BFFE25FEB5F6008DF7E5 /* Sources */ = {
			isa = PBXSourcesBuildPhase;
			buildActionMask = 2147483647;
			files = (
				A8F9C00725FEB5F6008DF7E5 /* CounterFourTests.swift in Sources */,
			);
			runOnlyForDeploymentPostprocessing = 0;
		};
		A8F9C00925FEB5F6008DF7E5 /* Sources */ = {
			isa = PBXSourcesBuildPhase;
			buildActionMask = 2147483647;
			files = (
				A8F9C01225FEB5F6008DF7E5 /* CounterFourUITests.swift in Sources */,
			);
			runOnlyForDeploymentPostprocessing = 0;
		};
/* End PBXSourcesBuildPhase section */

/* Begin PBXTargetDependency section */
		A8F9C00425FEB5F6008DF7E5 /* PBXTargetDependency */ = {
			isa = PBXTargetDependency;
			target = A8F9BFEB25FEB5F3008DF7E5 /* CounterFour */;
			targetProxy = A8F9C00325FEB5F6008DF7E5 /* PBXContainerItemProxy */;
		};
		A8F9C00F25FEB5F6008DF7E5 /* PBXTargetDependency */ = {
			isa = PBXTargetDependency;
			target = A8F9BFEB25FEB5F3008DF7E5 /* CounterFour */;
			targetProxy = A8F9C00E25FEB5F6008DF7E5 /* PBXContainerItemProxy */;
		};
/* End PBXTargetDependency section */

/* Begin XCBuildConfiguration section */
		A8F9C01425FEB5F6008DF7E5 /* Debug */ = {
			isa = XCBuildConfiguration;
			buildSettings = {
				ALWAYS_SEARCH_USER_PATHS = NO;
				CLANG_ANALYZER_NONNULL = YES;
				CLANG_ANALYZER_NUMBER_OBJECT_CONVERSION = YES_AGGRESSIVE;
				CLANG_CXX_LANGUAGE_STANDARD = "gnu++14";
				CLANG_CXX_LIBRARY = "libc++";
				CLANG_ENABLE_MODULES = YES;
				CLANG_ENABLE_OBJC_ARC = YES;
				CLANG_ENABLE_OBJC_WEAK = YES;
				CLANG_WARN_BLOCK_CAPTURE_AUTORELEASING = YES;
				CLANG_WARN_BOOL_CONVERSION = YES;
				CLANG_WARN_COMMA = YES;
				CLANG_WARN_CONSTANT_CONVERSION = YES;
				CLANG_WARN_DEPRECATED_OBJC_IMPLEMENTATIONS = YES;
				CLANG_WARN_DIRECT_OBJC_ISA_USAGE = YES_ERROR;
				CLANG_WARN_DOCUMENTATION_COMMENTS = YES;
				CLANG_WARN_EMPTY_BODY = YES;
				CLANG_WARN_ENUM_CONVERSION = YES;
				CLANG_WARN_INFINITE_RECURSION = YES;
				CLANG_WARN_INT_CONVERSION = YES;
				CLANG_WARN_NON_LITERAL_NULL_CONVERSION = YES;
				CLANG_WARN_OBJC_IMPLICIT_RETAIN_SELF = YES;
				CLANG_WARN_OBJC_LITERAL_CONVERSION = YES;
				CLANG_WARN_OBJC_ROOT_CLASS = YES_ERROR;
				CLANG_WARN_QUOTED_INCLUDE_IN_FRAMEWORK_HEADER = YES;
				CLANG_WARN_RANGE_LOOP_ANALYSIS = YES;
				CLANG_WARN_STRICT_PROTOTYPES = YES;
				CLANG_WARN_SUSPICIOUS_MOVE = YES;
				CLANG_WARN_UNGUARDED_AVAILABILITY = YES_AGGRESSIVE;
				CLANG_WARN_UNREACHABLE_CODE = YES;
				CLANG_WARN__DUPLICATE_METHOD_MATCH = YES;
				COPY_PHASE_STRIP = NO;
				DEBUG_INFORMATION_FORMAT = dwarf;
				ENABLE_STRICT_OBJC_MSGSEND = YES;
				ENABLE_TESTABILITY = YES;
				GCC_C_LANGUAGE_STANDARD = gnu11;
				GCC_DYNAMIC_NO_PIC = NO;
				GCC_NO_COMMON_BLOCKS = YES;
				GCC_OPTIMIZATION_LEVEL = 0;
				GCC_PREPROCESSOR_DEFINITIONS = (
					"DEBUG=1",
					"$(inherited)",
				);
				GCC_WARN_64_TO_32_BIT_CONVERSION = YES;
				GCC_WARN_ABOUT_RETURN_TYPE = YES_ERROR;
				GCC_WARN_UNDECLARED_SELECTOR = YES;
				GCC_WARN_UNINITIALIZED_AUTOS = YES_AGGRESSIVE;
				GCC_WARN_UNUSED_FUNCTION = YES;
				GCC_WARN_UNUSED_VARIABLE = YES;
				IPHONEOS_DEPLOYMENT_TARGET = 14.3;
				MTL_ENABLE_DEBUG_INFO = INCLUDE_SOURCE;
				MTL_FAST_MATH = YES;
				ONLY_ACTIVE_ARCH = YES;
				SDKROOT = iphoneos;
				SWIFT_ACTIVE_COMPILATION_CONDITIONS = DEBUG;
				SWIFT_OPTIMIZATION_LEVEL = "-Onone";
			};
			name = Debug;
		};
		A8F9C01525FEB5F6008DF7E5 /* Release */ = {
			isa = XCBuildConfiguration;
			buildSettings = {
				ALWAYS_SEARCH_USER_PATHS = NO;
				CLANG_ANALYZER_NONNULL = YES;
				CLANG_ANALYZER_NUMBER_OBJECT_CONVERSION = YES_AGGRESSIVE;
				CLANG_CXX_LANGUAGE_STANDARD = "gnu++14";
				CLANG_CXX_LIBRARY = "libc++";
				CLANG_ENABLE_MODULES = YES;
				CLANG_ENABLE_OBJC_ARC = YES;
				CLANG_ENABLE_OBJC_WEAK = YES;
				CLANG_WARN_BLOCK_CAPTURE_AUTORELEASING = YES;
				CLANG_WARN_BOOL_CONVERSION = YES;
				CLANG_WARN_COMMA = YES;
				CLANG_WARN_CONSTANT_CONVERSION = YES;
				CLANG_WARN_DEPRECATED_OBJC_IMPLEMENTATIONS = YES;
				CLANG_WARN_DIRECT_OBJC_ISA_USAGE = YES_ERROR;
				CLANG_WARN_DOCUMENTATION_COMMENTS = YES;
				CLANG_WARN_EMPTY_BODY = YES;
				CLANG_WARN_ENUM_CONVERSION = YES;
				CLANG_WARN_INFINITE_RECURSION = YES;
				CLANG_WARN_INT_CONVERSION = YES;
				CLANG_WARN_NON_LITERAL_NULL_CONVERSION = YES;
				CLANG_WARN_OBJC_IMPLICIT_RETAIN_SELF = YES;
				CLANG_WARN_OBJC_LITERAL_CONVERSION = YES;
				CLANG_WARN_OBJC_ROOT_CLASS = YES_ERROR;
				CLANG_WARN_QUOTED_INCLUDE_IN_FRAMEWORK_HEADER = YES;
				CLANG_WARN_RANGE_LOOP_ANALYSIS = YES;
				CLANG_WARN_STRICT_PROTOTYPES = YES;
				CLANG_WARN_SUSPICIOUS_MOVE = YES;
				CLANG_WARN_UNGUARDED_AVAILABILITY = YES_AGGRESSIVE;
				CLANG_WARN_UNREACHABLE_CODE = YES;
				CLANG_WARN__DUPLICATE_METHOD_MATCH = YES;
				COPY_PHASE_STRIP = NO;
				DEBUG_INFORMATION_FORMAT = "dwarf-with-dsym";
				ENABLE_NS_ASSERTIONS = NO;
				ENABLE_STRICT_OBJC_MSGSEND = YES;
				GCC_C_LANGUAGE_STANDARD = gnu11;
				GCC_NO_COMMON_BLOCKS = YES;
				GCC_WARN_64_TO_32_BIT_CONVERSION = YES;
				GCC_WARN_ABOUT_RETURN_TYPE = YES_ERROR;
				GCC_WARN_UNDECLARED_SELECTOR = YES;
				GCC_WARN_UNINITIALIZED_AUTOS = YES_AGGRESSIVE;
				GCC_WARN_UNUSED_FUNCTION = YES;
				GCC_WARN_UNUSED_VARIABLE = YES;
				IPHONEOS_DEPLOYMENT_TARGET = 14.3;
				MTL_ENABLE_DEBUG_INFO = NO;
				MTL_FAST_MATH = YES;
				SDKROOT = iphoneos;
				SWIFT_COMPILATION_MODE = wholemodule;
				SWIFT_OPTIMIZATION_LEVEL = "-O";
				VALIDATE_PRODUCT = YES;
			};
			name = Release;
		};
		A8F9C01725FEB5F6008DF7E5 /* Debug */ = {
			isa = XCBuildConfiguration;
			buildSettings = {
				ASSETCATALOG_COMPILER_APPICON_NAME = AppIcon;
				ASSETCATALOG_COMPILER_GLOBAL_ACCENT_COLOR_NAME = AccentColor;
				CODE_SIGN_STYLE = Automatic;
				DEVELOPMENT_ASSET_PATHS = "\"CounterFour/Preview Content\"";
				DEVELOPMENT_TEAM = 97UR4JD24G;
				ENABLE_PREVIEWS = YES;
				INFOPLIST_FILE = CounterFour/Info.plist;
				IPHONEOS_DEPLOYMENT_TARGET = 14.0;
				LD_RUNPATH_SEARCH_PATHS = (
					"$(inherited)",
					"@executable_path/Frameworks",
				);
				PRODUCT_BUNDLE_IDENTIFIER = Cocount;
				PRODUCT_NAME = "$(TARGET_NAME)";
				SWIFT_VERSION = 5.0;
				TARGETED_DEVICE_FAMILY = "1,2";
			};
			name = Debug;
		};
		A8F9C01825FEB5F6008DF7E5 /* Release */ = {
			isa = XCBuildConfiguration;
			buildSettings = {
				ASSETCATALOG_COMPILER_APPICON_NAME = AppIcon;
				ASSETCATALOG_COMPILER_GLOBAL_ACCENT_COLOR_NAME = AccentColor;
				CODE_SIGN_STYLE = Automatic;
				DEVELOPMENT_ASSET_PATHS = "\"CounterFour/Preview Content\"";
				DEVELOPMENT_TEAM = 97UR4JD24G;
				ENABLE_PREVIEWS = YES;
				INFOPLIST_FILE = CounterFour/Info.plist;
				IPHONEOS_DEPLOYMENT_TARGET = 14.0;
				LD_RUNPATH_SEARCH_PATHS = (
					"$(inherited)",
					"@executable_path/Frameworks",
				);
				PRODUCT_BUNDLE_IDENTIFIER = Cocount;
				PRODUCT_NAME = "$(TARGET_NAME)";
				SWIFT_VERSION = 5.0;
				TARGETED_DEVICE_FAMILY = "1,2";
			};
			name = Release;
		};
		A8F9C01A25FEB5F6008DF7E5 /* Debug */ = {
			isa = XCBuildConfiguration;
			buildSettings = {
				ALWAYS_EMBED_SWIFT_STANDARD_LIBRARIES = YES;
				BUNDLE_LOADER = "$(TEST_HOST)";
				CODE_SIGN_STYLE = Automatic;
				DEVELOPMENT_TEAM = KS5SWQWBNY;
				INFOPLIST_FILE = CounterFourTests/Info.plist;
				IPHONEOS_DEPLOYMENT_TARGET = 14.0;
				LD_RUNPATH_SEARCH_PATHS = (
					"$(inherited)",
					"@executable_path/Frameworks",
					"@loader_path/Frameworks",
				);
				PRODUCT_BUNDLE_IDENTIFIER = Coco.CounterFourTests;
				PRODUCT_NAME = "$(TARGET_NAME)";
				SWIFT_VERSION = 5.0;
				TARGETED_DEVICE_FAMILY = "1,2";
				TEST_HOST = "$(BUILT_PRODUCTS_DIR)/CounterFour.app/CounterFour";
			};
			name = Debug;
		};
		A8F9C01B25FEB5F6008DF7E5 /* Release */ = {
			isa = XCBuildConfiguration;
			buildSettings = {
				ALWAYS_EMBED_SWIFT_STANDARD_LIBRARIES = YES;
				BUNDLE_LOADER = "$(TEST_HOST)";
				CODE_SIGN_STYLE = Automatic;
				DEVELOPMENT_TEAM = KS5SWQWBNY;
				INFOPLIST_FILE = CounterFourTests/Info.plist;
				IPHONEOS_DEPLOYMENT_TARGET = 14.0;
				LD_RUNPATH_SEARCH_PATHS = (
					"$(inherited)",
					"@executable_path/Frameworks",
					"@loader_path/Frameworks",
				);
				PRODUCT_BUNDLE_IDENTIFIER = Coco.CounterFourTests;
				PRODUCT_NAME = "$(TARGET_NAME)";
				SWIFT_VERSION = 5.0;
				TARGETED_DEVICE_FAMILY = "1,2";
				TEST_HOST = "$(BUILT_PRODUCTS_DIR)/CounterFour.app/CounterFour";
			};
			name = Release;
		};
		A8F9C01D25FEB5F6008DF7E5 /* Debug */ = {
			isa = XCBuildConfiguration;
			buildSettings = {
				ALWAYS_EMBED_SWIFT_STANDARD_LIBRARIES = YES;
				CODE_SIGN_STYLE = Automatic;
				DEVELOPMENT_TEAM = KS5SWQWBNY;
				INFOPLIST_FILE = CounterFourUITests/Info.plist;
				LD_RUNPATH_SEARCH_PATHS = (
					"$(inherited)",
					"@executable_path/Frameworks",
					"@loader_path/Frameworks",
				);
				PRODUCT_BUNDLE_IDENTIFIER = Coco.CounterFourUITests;
				PRODUCT_NAME = "$(TARGET_NAME)";
				SWIFT_VERSION = 5.0;
				TARGETED_DEVICE_FAMILY = "1,2";
				TEST_TARGET_NAME = CounterFour;
			};
			name = Debug;
		};
		A8F9C01E25FEB5F6008DF7E5 /* Release */ = {
			isa = XCBuildConfiguration;
			buildSettings = {
				ALWAYS_EMBED_SWIFT_STANDARD_LIBRARIES = YES;
				CODE_SIGN_STYLE = Automatic;
				DEVELOPMENT_TEAM = KS5SWQWBNY;
				INFOPLIST_FILE = CounterFourUITests/Info.plist;
				LD_RUNPATH_SEARCH_PATHS = (
					"$(inherited)",
					"@executable_path/Frameworks",
					"@loader_path/Frameworks",
				);
				PRODUCT_BUNDLE_IDENTIFIER = Coco.CounterFourUITests;
				PRODUCT_NAME = "$(TARGET_NAME)";
				SWIFT_VERSION = 5.0;
				TARGETED_DEVICE_FAMILY = "1,2";
				TEST_TARGET_NAME = CounterFour;
			};
			name = Release;
		};
/* End XCBuildConfiguration section */

/* Begin XCConfigurationList section */
		A8F9BFE725FEB5F3008DF7E5 /* Build configuration list for PBXProject "CounterFour" */ = {
			isa = XCConfigurationList;
			buildConfigurations = (
				A8F9C01425FEB5F6008DF7E5 /* Debug */,
				A8F9C01525FEB5F6008DF7E5 /* Release */,
			);
			defaultConfigurationIsVisible = 0;
			defaultConfigurationName = Release;
		};
		A8F9C01625FEB5F6008DF7E5 /* Build configuration list for PBXNativeTarget "CounterFour" */ = {
			isa = XCConfigurationList;
			buildConfigurations = (
				A8F9C01725FEB5F6008DF7E5 /* Debug */,
				A8F9C01825FEB5F6008DF7E5 /* Release */,
			);
			defaultConfigurationIsVisible = 0;
			defaultConfigurationName = Release;
		};
		A8F9C01925FEB5F6008DF7E5 /* Build configuration list for PBXNativeTarget "CounterFourTests" */ = {
			isa = XCConfigurationList;
			buildConfigurations = (
				A8F9C01A25FEB5F6008DF7E5 /* Debug */,
				A8F9C01B25FEB5F6008DF7E5 /* Release */,
			);
			defaultConfigurationIsVisible = 0;
			defaultConfigurationName = Release;
		};
		A8F9C01C25FEB5F6008DF7E5 /* Build configuration list for PBXNativeTarget "CounterFourUITests" */ = {
			isa = XCConfigurationList;
			buildConfigurations = (
				A8F9C01D25FEB5F6008DF7E5 /* Debug */,
				A8F9C01E25FEB5F6008DF7E5 /* Release */,
			);
			defaultConfigurationIsVisible = 0;
			defaultConfigurationName = Release;
		};
/* End XCConfigurationList section */

/* Begin XCVersionGroup section */
		A8F9BFFA25FEB5F6008DF7E5 /* CounterFour.xcdatamodeld */ = {
			isa = XCVersionGroup;
			children = (
				A8F9BFFB25FEB5F6008DF7E5 /* CounterFour.xcdatamodel */,
			);
			currentVersion = A8F9BFFB25FEB5F6008DF7E5 /* CounterFour.xcdatamodel */;
			path = CounterFour.xcdatamodeld;
			sourceTree = "<group>";
			versionGroupType = wrapper.xcdatamodel;
		};
/* End XCVersionGroup section */
	};
	rootObject = A8F9BFE425FEB5F3008DF7E5 /* Project object */;
}
