{
  "object": {
    "pins": [
      {
        "package": "SideMenu",
        "repositoryURL": "https://github.com/Vidhyadharan-Mohanram/SideMenu",
        "state": {
          "branch": null,
          "revision": "d6d7834c6cab5ee85bca1e95933804af06ad9215",
          "version": "0.1.0"
        }
      }
    ]
  },
  "version": 1
}
